
Microsoft Visual Studio Solution File, Format Version 12.00
# Visual Studio Version 16
VisualStudioVersion = 16.0.31112.23
MinimumVisualStudioVersion = 10.0.40219.1
Project("{9A19103F-16F7-4668-BE54-9A1E7A4F7556}") = "Projeto.Chat.Api", "Projeto.Chat.Api\Projeto.Chat.Api.csproj", "{F87A2F14-CC47-45C3-A3A1-AA440C39BB4C}"
EndProject
Project("{9A19103F-16F7-4668-BE54-9A1E7A4F7556}") = "Projeto.Chat.Domain", "Projeto.Chat.Domain\Projeto.Chat.Domain.csproj", "{028AD827-2B91-4B3C-A66D-A85D7648B66F}"
EndProject
Project("{FAE04EC0-301F-11D3-BF4B-00C04F79EFBC}") = "Projeto.Chat.Repository", "Projeto.Chat.Repository\Projeto.Chat.Repository.csproj", "{FABD1E3E-5820-4F1D-88B4-C5E31AA7E4E5}"
EndProject
Global
	GlobalSection(SolutionConfigurationPlatforms) = preSolution
		Debug|Any CPU = Debug|Any CPU
		Release|Any CPU = Release|Any CPU
	EndGlobalSection
	GlobalSection(ProjectConfigurationPlatforms) = postSolution
		{F87A2F14-CC47-45C3-A3A1-AA440C39BB4C}.Debug|Any CPU.ActiveCfg = Debug|Any CPU
		{F87A2F14-CC47-45C3-A3A1-AA440C39BB4C}.Debug|Any CPU.Build.0 = Debug|Any CPU
		{F87A2F14-CC47-45C3-A3A1-AA440C39BB4C}.Release|Any CPU.ActiveCfg = Release|Any CPU
		{F87A2F14-CC47-45C3-A3A1-AA440C39BB4C}.Release|Any CPU.Build.0 = Release|Any CPU
		{028AD827-2B91-4B3C-A66D-A85D7648B66F}.Debug|Any CPU.ActiveCfg = Debug|Any CPU
		{028AD827-2B91-4B3C-A66D-A85D7648B66F}.Debug|Any CPU.Build.0 = Debug|Any CPU
		{028AD827-2B91-4B3C-A66D-A85D7648B66F}.Release|Any CPU.ActiveCfg = Release|Any CPU
		{028AD827-2B91-4B3C-A66D-A85D7648B66F}.Release|Any CPU.Build.0 = Release|Any CPU
		{FABD1E3E-5820-4F1D-88B4-C5E31AA7E4E5}.Debug|Any CPU.ActiveCfg = Debug|Any CPU
		{FABD1E3E-5820-4F1D-88B4-C5E31AA7E4E5}.Debug|Any CPU.Build.0 = Debug|Any CPU
		{FABD1E3E-5820-4F1D-88B4-C5E31AA7E4E5}.Release|Any CPU.ActiveCfg = Release|Any CPU
		{FABD1E3E-5820-4F1D-88B4-C5E31AA7E4E5}.Release|Any CPU.Build.0 = Release|Any CPU
	EndGlobalSection
	GlobalSection(SolutionProperties) = preSolution
		HideSolutionNode = FALSE
	EndGlobalSection
	GlobalSection(ExtensibilityGlobals) = postSolution
		SolutionGuid = {FA7A2AC3-41F6-43D1-ACB4-E9DD0C08F391}
	EndGlobalSection
EndGlobal
